
Microsoft Visual Studio Solution File, Format Version 12.00
# Visual Studio Version 17
VisualStudioVersion = 17.4.33213.308
MinimumVisualStudioVersion = 10.0.40219.1
Project("{FAE04EC0-301F-11D3-BF4B-00C04F79EFBC}") = "Android_Lis_1.Android", "Android_Lis_1.Android\Android_Lis_1.Android.csproj", "{0E3EEFF6-31DC-4E1A-8354-8BD20B57D84F}"
EndProject
Project("{FAE04EC0-301F-11D3-BF4B-00C04F79EFBC}") = "Android_Lis_1", "Android_Lis_1\Android_Lis_1.csproj", "{2712699D-A7F1-45EF-BA28-DAAB40B0DD6C}"
EndProject
Global
	GlobalSection(SolutionConfigurationPlatforms) = preSolution
		Debug|Any CPU = Debug|Any CPU
		Release|Any CPU = Release|Any CPU
	EndGlobalSection
	GlobalSection(ProjectConfigurationPlatforms) = postSolution
		{0E3EEFF6-31DC-4E1A-8354-8BD20B57D84F}.Debug|Any CPU.ActiveCfg = Debug|Any CPU
		{0E3EEFF6-31DC-4E1A-8354-8BD20B57D84F}.Debug|Any CPU.Build.0 = Debug|Any CPU
		{0E3EEFF6-31DC-4E1A-8354-8BD20B57D84F}.Debug|Any CPU.Deploy.0 = Debug|Any CPU
		{0E3EEFF6-31DC-4E1A-8354-8BD20B57D84F}.Release|Any CPU.ActiveCfg = Release|Any CPU
		{0E3EEFF6-31DC-4E1A-8354-8BD20B57D84F}.Release|Any CPU.Build.0 = Release|Any CPU
		{0E3EEFF6-31DC-4E1A-8354-8BD20B57D84F}.Release|Any CPU.Deploy.0 = Release|Any CPU
		{2712699D-A7F1-45EF-BA28-DAAB40B0DD6C}.Debug|Any CPU.ActiveCfg = Debug|Any CPU
		{2712699D-A7F1-45EF-BA28-DAAB40B0DD6C}.Debug|Any CPU.Build.0 = Debug|Any CPU
		{2712699D-A7F1-45EF-BA28-DAAB40B0DD6C}.Debug|Any CPU.Deploy.0 = Debug|Any CPU
		{2712699D-A7F1-45EF-BA28-DAAB40B0DD6C}.Release|Any CPU.ActiveCfg = Release|Any CPU
		{2712699D-A7F1-45EF-BA28-DAAB40B0DD6C}.Release|Any CPU.Build.0 = Release|Any CPU
		{2712699D-A7F1-45EF-BA28-DAAB40B0DD6C}.Release|Any CPU.Deploy.0 = Release|Any CPU
	EndGlobalSection
	GlobalSection(SolutionProperties) = preSolution
		HideSolutionNode = FALSE
	EndGlobalSection
	GlobalSection(ExtensibilityGlobals) = postSolution
		SolutionGuid = {175A1D42-17BA-4EAB-A63B-770CF7616416}
	EndGlobalSection
EndGlobal
