
Microsoft Visual Studio Solution File, Format Version 12.00
# Visual Studio Version 17
VisualStudioVersion = 17.4.33213.308
MinimumVisualStudioVersion = 10.0.40219.1
Project("{FAE04EC0-301F-11D3-BF4B-00C04F79EFBC}") = "Android_Lis_2.Android", "Android_Lis_2.Android\Android_Lis_2.Android.csproj", "{01F9B8CA-83A3-4321-8350-D60D5277D996}"
EndProject
Project("{FAE04EC0-301F-11D3-BF4B-00C04F79EFBC}") = "Android_Lis_2", "Android_Lis_2\Android_Lis_2.csproj", "{6E11740D-086E-4E77-89DC-887921674B28}"
EndProject
Global
	GlobalSection(SolutionConfigurationPlatforms) = preSolution
		Debug|Any CPU = Debug|Any CPU
		Release|Any CPU = Release|Any CPU
	EndGlobalSection
	GlobalSection(ProjectConfigurationPlatforms) = postSolution
		{01F9B8CA-83A3-4321-8350-D60D5277D996}.Debug|Any CPU.ActiveCfg = Debug|Any CPU
		{01F9B8CA-83A3-4321-8350-D60D5277D996}.Debug|Any CPU.Build.0 = Debug|Any CPU
		{01F9B8CA-83A3-4321-8350-D60D5277D996}.Debug|Any CPU.Deploy.0 = Debug|Any CPU
		{01F9B8CA-83A3-4321-8350-D60D5277D996}.Release|Any CPU.ActiveCfg = Release|Any CPU
		{01F9B8CA-83A3-4321-8350-D60D5277D996}.Release|Any CPU.Build.0 = Release|Any CPU
		{01F9B8CA-83A3-4321-8350-D60D5277D996}.Release|Any CPU.Deploy.0 = Release|Any CPU
		{6E11740D-086E-4E77-89DC-887921674B28}.Debug|Any CPU.ActiveCfg = Debug|Any CPU
		{6E11740D-086E-4E77-89DC-887921674B28}.Debug|Any CPU.Build.0 = Debug|Any CPU
		{6E11740D-086E-4E77-89DC-887921674B28}.Debug|Any CPU.Deploy.0 = Debug|Any CPU
		{6E11740D-086E-4E77-89DC-887921674B28}.Release|Any CPU.ActiveCfg = Release|Any CPU
		{6E11740D-086E-4E77-89DC-887921674B28}.Release|Any CPU.Build.0 = Release|Any CPU
		{6E11740D-086E-4E77-89DC-887921674B28}.Release|Any CPU.Deploy.0 = Release|Any CPU
	EndGlobalSection
	GlobalSection(SolutionProperties) = preSolution
		HideSolutionNode = FALSE
	EndGlobalSection
	GlobalSection(ExtensibilityGlobals) = postSolution
		SolutionGuid = {21FB0438-E9E4-4D93-95C4-5DA63B7CFBEB}
	EndGlobalSection
EndGlobal
