
Microsoft Visual Studio Solution File, Format Version 12.00
# Visual Studio Version 17
VisualStudioVersion = 17.4.33403.182
MinimumVisualStudioVersion = 10.0.40219.1
Project("{FAE04EC0-301F-11D3-BF4B-00C04F79EFBC}") = "Xamarin_android_Lis_10.Android", "Xamarin_android_Lis_10\Xamarin_android_Lis_10.Android\Xamarin_android_Lis_10.Android.csproj", "{B7AA970E-F906-4650-96CA-A61D4112652E}"
EndProject
Project("{FAE04EC0-301F-11D3-BF4B-00C04F79EFBC}") = "Xamarin_android_Lis_10", "Xamarin_android_Lis_10\Xamarin_android_Lis_10\Xamarin_android_Lis_10.csproj", "{5BD1AD40-BAA8-4B73-B8E7-93BC2BD53A71}"
EndProject
Global
	GlobalSection(SolutionConfigurationPlatforms) = preSolution
		Debug|Any CPU = Debug|Any CPU
		Release|Any CPU = Release|Any CPU
	EndGlobalSection
	GlobalSection(ProjectConfigurationPlatforms) = postSolution
		{B7AA970E-F906-4650-96CA-A61D4112652E}.Debug|Any CPU.ActiveCfg = Debug|Any CPU
		{B7AA970E-F906-4650-96CA-A61D4112652E}.Debug|Any CPU.Build.0 = Debug|Any CPU
		{B7AA970E-F906-4650-96CA-A61D4112652E}.Debug|Any CPU.Deploy.0 = Debug|Any CPU
		{B7AA970E-F906-4650-96CA-A61D4112652E}.Release|Any CPU.ActiveCfg = Release|Any CPU
		{B7AA970E-F906-4650-96CA-A61D4112652E}.Release|Any CPU.Build.0 = Release|Any CPU
		{B7AA970E-F906-4650-96CA-A61D4112652E}.Release|Any CPU.Deploy.0 = Release|Any CPU
		{5BD1AD40-BAA8-4B73-B8E7-93BC2BD53A71}.Debug|Any CPU.ActiveCfg = Debug|Any CPU
		{5BD1AD40-BAA8-4B73-B8E7-93BC2BD53A71}.Debug|Any CPU.Build.0 = Debug|Any CPU
		{5BD1AD40-BAA8-4B73-B8E7-93BC2BD53A71}.Debug|Any CPU.Deploy.0 = Debug|Any CPU
		{5BD1AD40-BAA8-4B73-B8E7-93BC2BD53A71}.Release|Any CPU.ActiveCfg = Release|Any CPU
		{5BD1AD40-BAA8-4B73-B8E7-93BC2BD53A71}.Release|Any CPU.Build.0 = Release|Any CPU
		{5BD1AD40-BAA8-4B73-B8E7-93BC2BD53A71}.Release|Any CPU.Deploy.0 = Release|Any CPU
	EndGlobalSection
	GlobalSection(SolutionProperties) = preSolution
		HideSolutionNode = FALSE
	EndGlobalSection
	GlobalSection(ExtensibilityGlobals) = postSolution
		SolutionGuid = {C95218B9-7980-4E47-802C-57A1C29D73EA}
	EndGlobalSection
EndGlobal
