
Microsoft Visual Studio Solution File, Format Version 12.00
# Visual Studio Version 17
VisualStudioVersion = 17.4.33403.182
MinimumVisualStudioVersion = 10.0.40219.1
Project("{FAE04EC0-301F-11D3-BF4B-00C04F79EFBC}") = "Xamarin+aandroid_11_Video.Android", "Xamarin+aandroid_11_Video\Xamarin+aandroid_11_Video.Android\Xamarin+aandroid_11_Video.Android.csproj", "{28FF79A1-8578-47B7-8650-5CE9C7375FFD}"
EndProject
Project("{FAE04EC0-301F-11D3-BF4B-00C04F79EFBC}") = "Xamarin+aandroid_11_Video", "Xamarin+aandroid_11_Video\Xamarin+aandroid_11_Video\Xamarin+aandroid_11_Video.csproj", "{FD873A69-0621-407F-BBDD-E5E59E073EE2}"
EndProject
Global
	GlobalSection(SolutionConfigurationPlatforms) = preSolution
		Debug|Any CPU = Debug|Any CPU
		Release|Any CPU = Release|Any CPU
	EndGlobalSection
	GlobalSection(ProjectConfigurationPlatforms) = postSolution
		{28FF79A1-8578-47B7-8650-5CE9C7375FFD}.Debug|Any CPU.ActiveCfg = Debug|Any CPU
		{28FF79A1-8578-47B7-8650-5CE9C7375FFD}.Debug|Any CPU.Build.0 = Debug|Any CPU
		{28FF79A1-8578-47B7-8650-5CE9C7375FFD}.Debug|Any CPU.Deploy.0 = Debug|Any CPU
		{28FF79A1-8578-47B7-8650-5CE9C7375FFD}.Release|Any CPU.ActiveCfg = Release|Any CPU
		{28FF79A1-8578-47B7-8650-5CE9C7375FFD}.Release|Any CPU.Build.0 = Release|Any CPU
		{28FF79A1-8578-47B7-8650-5CE9C7375FFD}.Release|Any CPU.Deploy.0 = Release|Any CPU
		{FD873A69-0621-407F-BBDD-E5E59E073EE2}.Debug|Any CPU.ActiveCfg = Debug|Any CPU
		{FD873A69-0621-407F-BBDD-E5E59E073EE2}.Debug|Any CPU.Build.0 = Debug|Any CPU
		{FD873A69-0621-407F-BBDD-E5E59E073EE2}.Debug|Any CPU.Deploy.0 = Debug|Any CPU
		{FD873A69-0621-407F-BBDD-E5E59E073EE2}.Release|Any CPU.ActiveCfg = Release|Any CPU
		{FD873A69-0621-407F-BBDD-E5E59E073EE2}.Release|Any CPU.Build.0 = Release|Any CPU
		{FD873A69-0621-407F-BBDD-E5E59E073EE2}.Release|Any CPU.Deploy.0 = Release|Any CPU
	EndGlobalSection
	GlobalSection(SolutionProperties) = preSolution
		HideSolutionNode = FALSE
	EndGlobalSection
	GlobalSection(ExtensibilityGlobals) = postSolution
		SolutionGuid = {7A2D7B4F-8328-4D90-B1F4-F66C1EAA57FA}
	EndGlobalSection
EndGlobal
